// !$*UTF8*$!
{
	archiveVersion = 1;
	classes = {
	};
	objectVersion = 50;
	objects = {

/* Begin PBXBuildFile section */
		10024E6D22B1F1AF009CDB25 /* MovieMD.m in Sources */ = {isa = PBXBuildFile; fileRef = 10024E6C22B1F1AF009CDB25 /* MovieMD.m */; };
		10024E7222B1F1DF009CDB25 /* MovieTableViewCell.m in Sources */ = {isa = PBXBuildFile; fileRef = 10024E7022B1F1DF009CDB25 /* MovieTableViewCell.m */; };
		1062AA2D22AE332600513D7B /* MovieViewController.m in Sources */ = {isa = PBXBuildFile; fileRef = 1062AA2B22AE332600513D7B /* MovieViewController.m */; };
		1062AA2E22AE332600513D7B /* MovieViewController.xib in Resources */ = {isa = PBXBuildFile; fileRef = 1062AA2C22AE332600513D7B /* MovieViewController.xib */; };
		1062AA3222AE333900513D7B /* CinemaViewController.m in Sources */ = {isa = PBXBuildFile; fileRef = 1062AA3022AE333900513D7B /* CinemaViewController.m */; };
		1062AA3322AE333900513D7B /* CinemaViewController.xib in Resources */ = {isa = PBXBuildFile; fileRef = 1062AA3122AE333900513D7B /* CinemaViewController.xib */; };
		1062AA3722AE334400513D7B /* MyViewController.m in Sources */ = {isa = PBXBuildFile; fileRef = 1062AA3522AE334400513D7B /* MyViewController.m */; };
		1062AA3822AE334400513D7B /* MyViewController.xib in Resources */ = {isa = PBXBuildFile; fileRef = 1062AA3622AE334400513D7B /* MyViewController.xib */; };
		10DB9F6522AC981F00E506B4 /* AppDelegate.m in Sources */ = {isa = PBXBuildFile; fileRef = 10DB9F6422AC981F00E506B4 /* AppDelegate.m */; };
		10DB9F6822AC981F00E506B4 /* ViewController.m in Sources */ = {isa = PBXBuildFile; fileRef = 10DB9F6722AC981F00E506B4 /* ViewController.m */; };
		10DB9F6B22AC981F00E506B4 /* Main.storyboard in Resources */ = {isa = PBXBuildFile; fileRef = 10DB9F6922AC981F00E506B4 /* Main.storyboard */; };
		10DB9F6D22AC982100E506B4 /* Assets.xcassets in Resources */ = {isa = PBXBuildFile; fileRef = 10DB9F6C22AC982100E506B4 /* Assets.xcassets */; };
		10DB9F7022AC982100E506B4 /* LaunchScreen.storyboard in Resources */ = {isa = PBXBuildFile; fileRef = 10DB9F6E22AC982100E506B4 /* LaunchScreen.storyboard */; };
		10DB9F7322AC982100E506B4 /* main.m in Sources */ = {isa = PBXBuildFile; fileRef = 10DB9F7222AC982100E506B4 /* main.m */; };
		3DFAC79E78FC6A8485DAE9FC /* libPods-维度电影.a in Frameworks */ = {isa = PBXBuildFile; fileRef = AF7B39A701ABA1EC84A224C3 /* libPods-维度电影.a */; };
		DA0179A722B1D2940005E402 /* LQScrollView.m in Sources */ = {isa = PBXBuildFile; fileRef = DA0179A622B1D2940005E402 /* LQScrollView.m */; };
		DA017A0822B1DEDF0005E402 /* CinemaModel.m in Sources */ = {isa = PBXBuildFile; fileRef = DA017A0722B1DEDF0005E402 /* CinemaModel.m */; };
		DA017A0C22B280BF0005E402 /* CinemaDetailsTableViewCell.m in Sources */ = {isa = PBXBuildFile; fileRef = DA017A0A22B280BF0005E402 /* CinemaDetailsTableViewCell.m */; };
		DA017A0D22B280BF0005E402 /* CinemaDetailsTableViewCell.xib in Resources */ = {isa = PBXBuildFile; fileRef = DA017A0B22B280BF0005E402 /* CinemaDetailsTableViewCell.xib */; };
		DA646BC222B0A0B500B46682 /* HttpManager.m in Sources */ = {isa = PBXBuildFile; fileRef = DA646BC122B0A0B500B46682 /* HttpManager.m */; };
		DA646BC822B0A17D00B46682 /* CinemaTableViewCell.xib in Resources */ = {isa = PBXBuildFile; fileRef = DA646BC522B0A17D00B46682 /* CinemaTableViewCell.xib */; };
		DA646BC922B0A17D00B46682 /* CinemaTableViewCell.m in Sources */ = {isa = PBXBuildFile; fileRef = DA646BC722B0A17D00B46682 /* CinemaTableViewCell.m */; };
		DA646BD022B0A25400B46682 /* CinemaDetailsVC.m in Sources */ = {isa = PBXBuildFile; fileRef = DA646BCF22B0A25400B46682 /* CinemaDetailsVC.m */; };
		ECFA0CFE22B1D7210026682C /* MyNewsViewController.m in Sources */ = {isa = PBXBuildFile; fileRef = ECFA0CFD22B1D7210026682C /* MyNewsViewController.m */; };
		ECFA0D0122B200400026682C /* FeedbackViewController.m in Sources */ = {isa = PBXBuildFile; fileRef = ECFA0D0022B200400026682C /* FeedbackViewController.m */; };
/* End PBXBuildFile section */

/* Begin PBXFileReference section */
		10024E6722B1EE9E009CDB25 /* LQScrollView.h */ = {isa = PBXFileReference; fileEncoding = 4; lastKnownFileType = sourcecode.c.h; path = LQScrollView.h; sourceTree = "<group>"; };
		10024E6822B1EE9E009CDB25 /* LQScrollView.m */ = {isa = PBXFileReference; fileEncoding = 4; lastKnownFileType = sourcecode.c.objc; path = LQScrollView.m; sourceTree = "<group>"; };
		10024E6B22B1F1AF009CDB25 /* MovieMD.h */ = {isa = PBXFileReference; lastKnownFileType = sourcecode.c.h; path = MovieMD.h; sourceTree = "<group>"; };
		10024E6C22B1F1AF009CDB25 /* MovieMD.m */ = {isa = PBXFileReference; lastKnownFileType = sourcecode.c.objc; path = MovieMD.m; sourceTree = "<group>"; };
		10024E6F22B1F1DF009CDB25 /* MovieTableViewCell.h */ = {isa = PBXFileReference; lastKnownFileType = sourcecode.c.h; path = MovieTableViewCell.h; sourceTree = "<group>"; };
		10024E7022B1F1DF009CDB25 /* MovieTableViewCell.m */ = {isa = PBXFileReference; lastKnownFileType = sourcecode.c.objc; path = MovieTableViewCell.m; sourceTree = "<group>"; };
		1062AA2A22AE332600513D7B /* MovieViewController.h */ = {isa = PBXFileReference; lastKnownFileType = sourcecode.c.h; path = MovieViewController.h; sourceTree = "<group>"; };
		1062AA2B22AE332600513D7B /* MovieViewController.m */ = {isa = PBXFileReference; lastKnownFileType = sourcecode.c.objc; path = MovieViewController.m; sourceTree = "<group>"; };
		1062AA2C22AE332600513D7B /* MovieViewController.xib */ = {isa = PBXFileReference; lastKnownFileType = file.xib; path = MovieViewController.xib; sourceTree = "<group>"; };
		1062AA2F22AE333900513D7B /* CinemaViewController.h */ = {isa = PBXFileReference; lastKnownFileType = sourcecode.c.h; path = CinemaViewController.h; sourceTree = "<group>"; };
		1062AA3022AE333900513D7B /* CinemaViewController.m */ = {isa = PBXFileReference; lastKnownFileType = sourcecode.c.objc; path = CinemaViewController.m; sourceTree = "<group>"; };
		1062AA3122AE333900513D7B /* CinemaViewController.xib */ = {isa = PBXFileReference; lastKnownFileType = file.xib; path = CinemaViewController.xib; sourceTree = "<group>"; };
		1062AA3422AE334400513D7B /* MyViewController.h */ = {isa = PBXFileReference; lastKnownFileType = sourcecode.c.h; path = MyViewController.h; sourceTree = "<group>"; };
		1062AA3522AE334400513D7B /* MyViewController.m */ = {isa = PBXFileReference; lastKnownFileType = sourcecode.c.objc; path = MyViewController.m; sourceTree = "<group>"; };
		1062AA3622AE334400513D7B /* MyViewController.xib */ = {isa = PBXFileReference; lastKnownFileType = file.xib; path = MyViewController.xib; sourceTree = "<group>"; };
		10DB9F6022AC981F00E506B4 /* 维度电影.app */ = {isa = PBXFileReference; explicitFileType = wrapper.application; includeInIndex = 0; path = "维度电影.app"; sourceTree = BUILT_PRODUCTS_DIR; };
		10DB9F6322AC981F00E506B4 /* AppDelegate.h */ = {isa = PBXFileReference; lastKnownFileType = sourcecode.c.h; path = AppDelegate.h; sourceTree = "<group>"; };
		10DB9F6422AC981F00E506B4 /* AppDelegate.m */ = {isa = PBXFileReference; lastKnownFileType = sourcecode.c.objc; path = AppDelegate.m; sourceTree = "<group>"; };
		10DB9F6622AC981F00E506B4 /* ViewController.h */ = {isa = PBXFileReference; lastKnownFileType = sourcecode.c.h; path = ViewController.h; sourceTree = "<group>"; };
		10DB9F6722AC981F00E506B4 /* ViewController.m */ = {isa = PBXFileReference; lastKnownFileType = sourcecode.c.objc; path = ViewController.m; sourceTree = "<group>"; };
		10DB9F6A22AC981F00E506B4 /* Base */ = {isa = PBXFileReference; lastKnownFileType = file.storyboard; name = Base; path = Base.lproj/Main.storyboard; sourceTree = "<group>"; };
		10DB9F6C22AC982100E506B4 /* Assets.xcassets */ = {isa = PBXFileReference; lastKnownFileType = folder.assetcatalog; path = Assets.xcassets; sourceTree = "<group>"; };
		10DB9F6F22AC982100E506B4 /* Base */ = {isa = PBXFileReference; lastKnownFileType = file.storyboard; name = Base; path = Base.lproj/LaunchScreen.storyboard; sourceTree = "<group>"; };
		10DB9F7122AC982100E506B4 /* Info.plist */ = {isa = PBXFileReference; lastKnownFileType = text.plist.xml; path = Info.plist; sourceTree = "<group>"; };
		10DB9F7222AC982100E506B4 /* main.m */ = {isa = PBXFileReference; lastKnownFileType = sourcecode.c.objc; path = main.m; sourceTree = "<group>"; };
		4EFE8EBBE948F6C209E7A77C /* Pods-维度电影.release.xcconfig */ = {isa = PBXFileReference; includeInIndex = 1; lastKnownFileType = text.xcconfig; name = "Pods-维度电影.release.xcconfig"; path = "Pods/Target Support Files/Pods-维度电影/Pods-维度电影.release.xcconfig"; sourceTree = "<group>"; };
		873B39657A9AC85D743668F8 /* Pods-维度电影.debug.xcconfig */ = {isa = PBXFileReference; includeInIndex = 1; lastKnownFileType = text.xcconfig; name = "Pods-维度电影.debug.xcconfig"; path = "Pods/Target Support Files/Pods-维度电影/Pods-维度电影.debug.xcconfig"; sourceTree = "<group>"; };
		AF7B39A701ABA1EC84A224C3 /* libPods-维度电影.a */ = {isa = PBXFileReference; explicitFileType = archive.ar; includeInIndex = 0; path = "libPods-维度电影.a"; sourceTree = BUILT_PRODUCTS_DIR; };
		DA0179A522B1D2940005E402 /* LQScrollView.h */ = {isa = PBXFileReference; fileEncoding = 4; lastKnownFileType = sourcecode.c.h; name = LQScrollView.h; path = ../Model/LQScrollView.h; sourceTree = "<group>"; };
		DA0179A622B1D2940005E402 /* LQScrollView.m */ = {isa = PBXFileReference; fileEncoding = 4; lastKnownFileType = sourcecode.c.objc; name = LQScrollView.m; path = ../Model/LQScrollView.m; sourceTree = "<group>"; };
		DA017A0622B1DEDF0005E402 /* CinemaModel.h */ = {isa = PBXFileReference; lastKnownFileType = sourcecode.c.h; path = CinemaModel.h; sourceTree = "<group>"; };
		DA017A0722B1DEDF0005E402 /* CinemaModel.m */ = {isa = PBXFileReference; lastKnownFileType = sourcecode.c.objc; path = CinemaModel.m; sourceTree = "<group>"; };
		DA017A0922B280BF0005E402 /* CinemaDetailsTableViewCell.h */ = {isa = PBXFileReference; lastKnownFileType = sourcecode.c.h; path = CinemaDetailsTableViewCell.h; sourceTree = "<group>"; };
		DA017A0A22B280BF0005E402 /* CinemaDetailsTableViewCell.m */ = {isa = PBXFileReference; lastKnownFileType = sourcecode.c.objc; path = CinemaDetailsTableViewCell.m; sourceTree = "<group>"; };
		DA017A0B22B280BF0005E402 /* CinemaDetailsTableViewCell.xib */ = {isa = PBXFileReference; lastKnownFileType = file.xib; path = CinemaDetailsTableViewCell.xib; sourceTree = "<group>"; };
		DA646BC022B0A0B500B46682 /* HttpManager.h */ = {isa = PBXFileReference; fileEncoding = 4; lastKnownFileType = sourcecode.c.h; path = HttpManager.h; sourceTree = "<group>"; };
		DA646BC122B0A0B500B46682 /* HttpManager.m */ = {isa = PBXFileReference; fileEncoding = 4; lastKnownFileType = sourcecode.c.objc; path = HttpManager.m; sourceTree = "<group>"; };
		DA646BC522B0A17D00B46682 /* CinemaTableViewCell.xib */ = {isa = PBXFileReference; fileEncoding = 4; lastKnownFileType = file.xib; path = CinemaTableViewCell.xib; sourceTree = "<group>"; };
		DA646BC622B0A17D00B46682 /* CinemaTableViewCell.h */ = {isa = PBXFileReference; fileEncoding = 4; lastKnownFileType = sourcecode.c.h; path = CinemaTableViewCell.h; sourceTree = "<group>"; };
		DA646BC722B0A17D00B46682 /* CinemaTableViewCell.m */ = {isa = PBXFileReference; fileEncoding = 4; lastKnownFileType = sourcecode.c.objc; path = CinemaTableViewCell.m; sourceTree = "<group>"; };
		DA646BCE22B0A25400B46682 /* CinemaDetailsVC.h */ = {isa = PBXFileReference; lastKnownFileType = sourcecode.c.h; path = CinemaDetailsVC.h; sourceTree = "<group>"; };
		DA646BCF22B0A25400B46682 /* CinemaDetailsVC.m */ = {isa = PBXFileReference; lastKnownFileType = sourcecode.c.objc; path = CinemaDetailsVC.m; sourceTree = "<group>"; };
		ECFA0CFC22B1D7210026682C /* MyNewsViewController.h */ = {isa = PBXFileReference; lastKnownFileType = sourcecode.c.h; path = MyNewsViewController.h; sourceTree = "<group>"; };
		ECFA0CFD22B1D7210026682C /* MyNewsViewController.m */ = {isa = PBXFileReference; lastKnownFileType = sourcecode.c.objc; path = MyNewsViewController.m; sourceTree = "<group>"; };
		ECFA0CFF22B200400026682C /* FeedbackViewController.h */ = {isa = PBXFileReference; lastKnownFileType = sourcecode.c.h; path = FeedbackViewController.h; sourceTree = "<group>"; };
		ECFA0D0022B200400026682C /* FeedbackViewController.m */ = {isa = PBXFileReference; lastKnownFileType = sourcecode.c.objc; path = FeedbackViewController.m; sourceTree = "<group>"; };
/* End PBXFileReference section */

/* Begin PBXFrameworksBuildPhase section */
		10DB9F5D22AC981F00E506B4 /* Frameworks */ = {
			isa = PBXFrameworksBuildPhase;
			buildActionMask = 2147483647;
			files = (
				3DFAC79E78FC6A8485DAE9FC /* libPods-维度电影.a in Frameworks */,
			);
			runOnlyForDeploymentPostprocessing = 0;
		};
/* End PBXFrameworksBuildPhase section */

/* Begin PBXGroup section */
		10024E6622B1EE79009CDB25 /* DiSanFang3D */ = {
			isa = PBXGroup;
			children = (
				10024E6722B1EE9E009CDB25 /* LQScrollView.h */,
				10024E6822B1EE9E009CDB25 /* LQScrollView.m */,
			);
			path = DiSanFang3D;
			sourceTree = "<group>";
		};
		10024E6A22B1F185009CDB25 /* MovieMD */ = {
			isa = PBXGroup;
			children = (
				10024E6B22B1F1AF009CDB25 /* MovieMD.h */,
				10024E6C22B1F1AF009CDB25 /* MovieMD.m */,
			);
			path = MovieMD;
			sourceTree = "<group>";
		};
		10024E6E22B1F1B4009CDB25 /* MovieTableViewCell */ = {
			isa = PBXGroup;
			children = (
				10024E6F22B1F1DF009CDB25 /* MovieTableViewCell.h */,
				10024E7022B1F1DF009CDB25 /* MovieTableViewCell.m */,
			);
			path = MovieTableViewCell;
			sourceTree = "<group>";
		};
		1062AA2922AE32CE00513D7B /* One */ = {
			isa = PBXGroup;
			children = (
				1062AA2A22AE332600513D7B /* MovieViewController.h */,
				1062AA2B22AE332600513D7B /* MovieViewController.m */,
				1062AA2C22AE332600513D7B /* MovieViewController.xib */,
				1062AA2F22AE333900513D7B /* CinemaViewController.h */,
				1062AA3022AE333900513D7B /* CinemaViewController.m */,
				1062AA3122AE333900513D7B /* CinemaViewController.xib */,
				1062AA3422AE334400513D7B /* MyViewController.h */,
				1062AA3522AE334400513D7B /* MyViewController.m */,
				1062AA3622AE334400513D7B /* MyViewController.xib */,
			);
			path = One;
			sourceTree = "<group>";
		};
		10DB9F5722AC981F00E506B4 = {
			isa = PBXGroup;
			children = (
				10DB9F6222AC981F00E506B4 /* 维度电影 */,
				10DB9F6122AC981F00E506B4 /* Products */,
				189B22ADE251BE277BC6D10A /* Pods */,
				672897FC2E43F44D9CA44E5D /* Frameworks */,
			);
			sourceTree = "<group>";
		};
		10DB9F6122AC981F00E506B4 /* Products */ = {
			isa = PBXGroup;
			children = (
				10DB9F6022AC981F00E506B4 /* 维度电影.app */,
			);
			name = Products;
			sourceTree = "<group>";
		};
		10DB9F6222AC981F00E506B4 /* 维度电影 */ = {
			isa = PBXGroup;
			children = (
				10024E6622B1EE79009CDB25 /* DiSanFang3D */,
				DA646BC022B0A0B500B46682 /* HttpManager.h */,
				DA646BC122B0A0B500B46682 /* HttpManager.m */,
				10DB9F7B22AC982B00E506B4 /* Model */,
				10DB9F7A22AC982A00E506B4 /* View */,
				10DB9F7922AC982800E506B4 /* Controller */,
				10DB9F6322AC981F00E506B4 /* AppDelegate.h */,
				10DB9F6422AC981F00E506B4 /* AppDelegate.m */,
				10DB9F6622AC981F00E506B4 /* ViewController.h */,
				10DB9F6722AC981F00E506B4 /* ViewController.m */,
				ECFA0CFB22B1D7080026682C /* 我的 */,
				DA646BCA22B0A21E00B46682 /* 影院 */,
				10DB9F6922AC981F00E506B4 /* Main.storyboard */,
				10DB9F6C22AC982100E506B4 /* Assets.xcassets */,
				10DB9F6E22AC982100E506B4 /* LaunchScreen.storyboard */,
				10DB9F7122AC982100E506B4 /* Info.plist */,
				10DB9F7222AC982100E506B4 /* main.m */,
			);
			path = "维度电影";
			sourceTree = "<group>";
		};
		10DB9F7922AC982800E506B4 /* Controller */ = {
			isa = PBXGroup;
			children = (
				1062AA2922AE32CE00513D7B /* One */,
			);
			path = Controller;
			sourceTree = "<group>";
		};
		10DB9F7A22AC982A00E506B4 /* View */ = {
			isa = PBXGroup;
			children = (
				10024E6E22B1F1B4009CDB25 /* MovieTableViewCell */,
				DA646BC422B0A17D00B46682 /* 影院 */,
			);
			path = View;
			sourceTree = "<group>";
		};
		10DB9F7B22AC982B00E506B4 /* Model */ = {
			isa = PBXGroup;
			children = (
				10024E6A22B1F185009CDB25 /* MovieMD */,
				DA646BC322B0A13200B46682 /* 影院 */,
			);
			path = Model;
			sourceTree = "<group>";
		};
		189B22ADE251BE277BC6D10A /* Pods */ = {
			isa = PBXGroup;
			children = (
				873B39657A9AC85D743668F8 /* Pods-维度电影.debug.xcconfig */,
				4EFE8EBBE948F6C209E7A77C /* Pods-维度电影.release.xcconfig */,
			);
			name = Pods;
			sourceTree = "<group>";
		};
		672897FC2E43F44D9CA44E5D /* Frameworks */ = {
			isa = PBXGroup;
			children = (
				AF7B39A701ABA1EC84A224C3 /* libPods-维度电影.a */,
			);
			name = Frameworks;
			sourceTree = "<group>";
		};
		DA646BC322B0A13200B46682 /* 影院 */ = {
			isa = PBXGroup;
			children = (
				DA017A0622B1DEDF0005E402 /* CinemaModel.h */,
				DA017A0722B1DEDF0005E402 /* CinemaModel.m */,
			);
			path = "影院";
			sourceTree = "<group>";
		};
		DA646BC422B0A17D00B46682 /* 影院 */ = {
			isa = PBXGroup;
			children = (
				DA646BC622B0A17D00B46682 /* CinemaTableViewCell.h */,
				DA646BC722B0A17D00B46682 /* CinemaTableViewCell.m */,
				DA646BC522B0A17D00B46682 /* CinemaTableViewCell.xib */,
			);
			path = "影院";
			sourceTree = "<group>";
		};
		DA646BCA22B0A21E00B46682 /* 影院 */ = {
			isa = PBXGroup;
			children = (
				DA646BCD22B0A22900B46682 /* Model */,
				DA646BCC22B0A22800B46682 /* View */,
				DA646BCB22B0A22700B46682 /* Controller */,
			);
			path = "影院";
			sourceTree = "<group>";
		};
		DA646BCB22B0A22700B46682 /* Controller */ = {
			isa = PBXGroup;
			children = (
				DA646BCE22B0A25400B46682 /* CinemaDetailsVC.h */,
				DA646BCF22B0A25400B46682 /* CinemaDetailsVC.m */,
			);
			path = Controller;
			sourceTree = "<group>";
		};
		DA646BCC22B0A22800B46682 /* View */ = {
			isa = PBXGroup;
			children = (
				DA0179A522B1D2940005E402 /* LQScrollView.h */,
				DA0179A622B1D2940005E402 /* LQScrollView.m */,
				DA017A0922B280BF0005E402 /* CinemaDetailsTableViewCell.h */,
				DA017A0A22B280BF0005E402 /* CinemaDetailsTableViewCell.m */,
				DA017A0B22B280BF0005E402 /* CinemaDetailsTableViewCell.xib */,
			);
			path = View;
			sourceTree = "<group>";
		};
		DA646BCD22B0A22900B46682 /* Model */ = {
			isa = PBXGroup;
			children = (
			);
			path = Model;
			sourceTree = "<group>";
		};
		ECFA0CFB22B1D7080026682C /* 我的 */ = {
			isa = PBXGroup;
			children = (
				ECFA0CFC22B1D7210026682C /* MyNewsViewController.h */,
				ECFA0CFD22B1D7210026682C /* MyNewsViewController.m */,
				ECFA0CFF22B200400026682C /* FeedbackViewController.h */,
				ECFA0D0022B200400026682C /* FeedbackViewController.m */,
			);
			path = "我的";
			sourceTree = "<group>";
		};
/* End PBXGroup section */

/* Begin PBXNativeTarget section */
		10DB9F5F22AC981F00E506B4 /* 维度电影 */ = {
			isa = PBXNativeTarget;
			buildConfigurationList = 10DB9F7622AC982100E506B4 /* Build configuration list for PBXNativeTarget "维度电影" */;
			buildPhases = (
				6C2CB6DD93AE95003F9502E0 /* [CP] Check Pods Manifest.lock */,
				10DB9F5C22AC981F00E506B4 /* Sources */,
				10DB9F5D22AC981F00E506B4 /* Frameworks */,
				10DB9F5E22AC981F00E506B4 /* Resources */,
				89C2026C595800AC9E4D3ACA /* [CP] Copy Pods Resources */,
			);
			buildRules = (
			);
			dependencies = (
			);
			name = "维度电影";
			productName = "维度电影";
			productReference = 10DB9F6022AC981F00E506B4 /* 维度电影.app */;
			productType = "com.apple.product-type.application";
		};
/* End PBXNativeTarget section */

/* Begin PBXProject section */
		10DB9F5822AC981F00E506B4 /* Project object */ = {
			isa = PBXProject;
			attributes = {
				LastUpgradeCheck = 1010;
				ORGANIZATIONNAME = "。。。";
				TargetAttributes = {
					10DB9F5F22AC981F00E506B4 = {
						CreatedOnToolsVersion = 10.1;
					};
				};
			};
			buildConfigurationList = 10DB9F5B22AC981F00E506B4 /* Build configuration list for PBXProject "维度电影" */;
			compatibilityVersion = "Xcode 9.3";
			developmentRegion = en;
			hasScannedForEncodings = 0;
			knownRegions = (
				en,
				Base,
			);
			mainGroup = 10DB9F5722AC981F00E506B4;
			productRefGroup = 10DB9F6122AC981F00E506B4 /* Products */;
			projectDirPath = "";
			projectRoot = "";
			targets = (
				10DB9F5F22AC981F00E506B4 /* 维度电影 */,
			);
		};
/* End PBXProject section */

/* Begin PBXResourcesBuildPhase section */
		10DB9F5E22AC981F00E506B4 /* Resources */ = {
			isa = PBXResourcesBuildPhase;
			buildActionMask = 2147483647;
			files = (
				1062AA3322AE333900513D7B /* CinemaViewController.xib in Resources */,
				DA646BC822B0A17D00B46682 /* CinemaTableViewCell.xib in Resources */,
				10DB9F7022AC982100E506B4 /* LaunchScreen.storyboard in Resources */,
				1062AA3822AE334400513D7B /* MyViewController.xib in Resources */,
				10DB9F6D22AC982100E506B4 /* Assets.xcassets in Resources */,
				DA017A0D22B280BF0005E402 /* CinemaDetailsTableViewCell.xib in Resources */,
				10DB9F6B22AC981F00E506B4 /* Main.storyboard in Resources */,
				1062AA2E22AE332600513D7B /* MovieViewController.xib in Resources */,
			);
			runOnlyForDeploymentPostprocessing = 0;
		};
/* End PBXResourcesBuildPhase section */

/* Begin PBXShellScriptBuildPhase section */
		6C2CB6DD93AE95003F9502E0 /* [CP] Check Pods Manifest.lock */ = {
			isa = PBXShellScriptBuildPhase;
			buildActionMask = 2147483647;
			files = (
			);
			inputFileListPaths = (
			);
			inputPaths = (
				"${PODS_PODFILE_DIR_PATH}/Podfile.lock",
				"${PODS_ROOT}/Manifest.lock",
			);
			name = "[CP] Check Pods Manifest.lock";
			outputFileListPaths = (
			);
			outputPaths = (
				"$(DERIVED_FILE_DIR)/Pods-维度电影-checkManifestLockResult.txt",
			);
			runOnlyForDeploymentPostprocessing = 0;
			shellPath = /bin/sh;
			shellScript = "diff \"${PODS_PODFILE_DIR_PATH}/Podfile.lock\" \"${PODS_ROOT}/Manifest.lock\" > /dev/null\nif [ $? != 0 ] ; then\n    # print error to STDERR\n    echo \"error: The sandbox is not in sync with the Podfile.lock. Run 'pod install' or update your CocoaPods installation.\" >&2\n    exit 1\nfi\n# This output is used by Xcode 'outputs' to avoid re-running this script phase.\necho \"SUCCESS\" > \"${SCRIPT_OUTPUT_FILE_0}\"\n";
			showEnvVarsInLog = 0;
		};
		89C2026C595800AC9E4D3ACA /* [CP] Copy Pods Resources */ = {
			isa = PBXShellScriptBuildPhase;
			buildActionMask = 2147483647;
			files = (
			);
			inputFileListPaths = (
			);
			inputPaths = (
				"${SRCROOT}/Pods/Target Support Files/Pods-维度电影/Pods-维度电影-resources.sh",
				"${PODS_ROOT}/SVProgressHUD/SVProgressHUD/SVProgressHUD.bundle",
			);
			name = "[CP] Copy Pods Resources";
			outputFileListPaths = (
			);
			outputPaths = (
				"${TARGET_BUILD_DIR}/${UNLOCALIZED_RESOURCES_FOLDER_PATH}/SVProgressHUD.bundle",
			);
			runOnlyForDeploymentPostprocessing = 0;
			shellPath = /bin/sh;
			shellScript = "\"${SRCROOT}/Pods/Target Support Files/Pods-维度电影/Pods-维度电影-resources.sh\"\n";
			showEnvVarsInLog = 0;
		};
/* End PBXShellScriptBuildPhase section */

/* Begin PBXSourcesBuildPhase section */
		10DB9F5C22AC981F00E506B4 /* Sources */ = {
			isa = PBXSourcesBuildPhase;
			buildActionMask = 2147483647;
			files = (
				DA646BC922B0A17D00B46682 /* CinemaTableViewCell.m in Sources */,
				1062AA3722AE334400513D7B /* MyViewController.m in Sources */,
				10DB9F6822AC981F00E506B4 /* ViewController.m in Sources */,
				1062AA3222AE333900513D7B /* CinemaViewController.m in Sources */,
				DA646BC222B0A0B500B46682 /* HttpManager.m in Sources */,
				ECFA0CFE22B1D7210026682C /* MyNewsViewController.m in Sources */,
				10DB9F7322AC982100E506B4 /* main.m in Sources */,
				10024E6D22B1F1AF009CDB25 /* MovieMD.m in Sources */,
				DA0179A722B1D2940005E402 /* LQScrollView.m in Sources */,
				10DB9F6522AC981F00E506B4 /* AppDelegate.m in Sources */,
				DA017A0822B1DEDF0005E402 /* CinemaModel.m in Sources */,
				DA646BD022B0A25400B46682 /* CinemaDetailsVC.m in Sources */,
				ECFA0D0122B200400026682C /* FeedbackViewController.m in Sources */,
				DA017A0C22B280BF0005E402 /* CinemaDetailsTableViewCell.m in Sources */,
				10024E7222B1F1DF009CDB25 /* MovieTableViewCell.m in Sources */,
				1062AA2D22AE332600513D7B /* MovieViewController.m in Sources */,
			);
			runOnlyForDeploymentPostprocessing = 0;
		};
/* End PBXSourcesBuildPhase section */

/* Begin PBXVariantGroup section */
		10DB9F6922AC981F00E506B4 /* Main.storyboard */ = {
			isa = PBXVariantGroup;
			children = (
				10DB9F6A22AC981F00E506B4 /* Base */,
			);
			name = Main.storyboard;
			sourceTree = "<group>";
		};
		10DB9F6E22AC982100E506B4 /* LaunchScreen.storyboard */ = {
			isa = PBXVariantGroup;
			children = (
				10DB9F6F22AC982100E506B4 /* Base */,
			);
			name = LaunchScreen.storyboard;
			sourceTree = "<group>";
		};
/* End PBXVariantGroup section */

/* Begin XCBuildConfiguration section */
		10DB9F7422AC982100E506B4 /* Debug */ = {
			isa = XCBuildConfiguration;
			buildSettings = {
				ALWAYS_SEARCH_USER_PATHS = NO;
				CLANG_ANALYZER_NONNULL = YES;
				CLANG_ANALYZER_NUMBER_OBJECT_CONVERSION = YES_AGGRESSIVE;
				CLANG_CXX_LANGUAGE_STANDARD = "gnu++14";
				CLANG_CXX_LIBRARY = "libc++";
				CLANG_ENABLE_MODULES = YES;
				CLANG_ENABLE_OBJC_ARC = YES;
				CLANG_ENABLE_OBJC_WEAK = YES;
				CLANG_WARN_BLOCK_CAPTURE_AUTORELEASING = YES;
				CLANG_WARN_BOOL_CONVERSION = YES;
				CLANG_WARN_COMMA = YES;
				CLANG_WARN_CONSTANT_CONVERSION = YES;
				CLANG_WARN_DEPRECATED_OBJC_IMPLEMENTATIONS = YES;
				CLANG_WARN_DIRECT_OBJC_ISA_USAGE = YES_ERROR;
				CLANG_WARN_DOCUMENTATION_COMMENTS = YES;
				CLANG_WARN_EMPTY_BODY = YES;
				CLANG_WARN_ENUM_CONVERSION = YES;
				CLANG_WARN_INFINITE_RECURSION = YES;
				CLANG_WARN_INT_CONVERSION = YES;
				CLANG_WARN_NON_LITERAL_NULL_CONVERSION = YES;
				CLANG_WARN_OBJC_IMPLICIT_RETAIN_SELF = YES;
				CLANG_WARN_OBJC_LITERAL_CONVERSION = YES;
				CLANG_WARN_OBJC_ROOT_CLASS = YES_ERROR;
				CLANG_WARN_RANGE_LOOP_ANALYSIS = YES;
				CLANG_WARN_STRICT_PROTOTYPES = YES;
				CLANG_WARN_SUSPICIOUS_MOVE = YES;
				CLANG_WARN_UNGUARDED_AVAILABILITY = YES_AGGRESSIVE;
				CLANG_WARN_UNREACHABLE_CODE = YES;
				CLANG_WARN__DUPLICATE_METHOD_MATCH = YES;
				CODE_SIGN_IDENTITY = "iPhone Developer";
				COPY_PHASE_STRIP = NO;
				DEBUG_INFORMATION_FORMAT = dwarf;
				ENABLE_STRICT_OBJC_MSGSEND = YES;
				ENABLE_TESTABILITY = YES;
				GCC_C_LANGUAGE_STANDARD = gnu11;
				GCC_DYNAMIC_NO_PIC = NO;
				GCC_NO_COMMON_BLOCKS = YES;
				GCC_OPTIMIZATION_LEVEL = 0;
				GCC_PREPROCESSOR_DEFINITIONS = (
					"DEBUG=1",
					"$(inherited)",
				);
				GCC_WARN_64_TO_32_BIT_CONVERSION = YES;
				GCC_WARN_ABOUT_RETURN_TYPE = YES_ERROR;
				GCC_WARN_UNDECLARED_SELECTOR = YES;
				GCC_WARN_UNINITIALIZED_AUTOS = YES_AGGRESSIVE;
				GCC_WARN_UNUSED_FUNCTION = YES;
				GCC_WARN_UNUSED_VARIABLE = YES;
				IPHONEOS_DEPLOYMENT_TARGET = 12.1;
				MTL_ENABLE_DEBUG_INFO = INCLUDE_SOURCE;
				MTL_FAST_MATH = YES;
				ONLY_ACTIVE_ARCH = YES;
				SDKROOT = iphoneos;
			};
			name = Debug;
		};
		10DB9F7522AC982100E506B4 /* Release */ = {
			isa = XCBuildConfiguration;
			buildSettings = {
				ALWAYS_SEARCH_USER_PATHS = NO;
				CLANG_ANALYZER_NONNULL = YES;
				CLANG_ANALYZER_NUMBER_OBJECT_CONVERSION = YES_AGGRESSIVE;
				CLANG_CXX_LANGUAGE_STANDARD = "gnu++14";
				CLANG_CXX_LIBRARY = "libc++";
				CLANG_ENABLE_MODULES = YES;
				CLANG_ENABLE_OBJC_ARC = YES;
				CLANG_ENABLE_OBJC_WEAK = YES;
				CLANG_WARN_BLOCK_CAPTURE_AUTORELEASING = YES;
				CLANG_WARN_BOOL_CONVERSION = YES;
				CLANG_WARN_COMMA = YES;
				CLANG_WARN_CONSTANT_CONVERSION = YES;
				CLANG_WARN_DEPRECATED_OBJC_IMPLEMENTATIONS = YES;
				CLANG_WARN_DIRECT_OBJC_ISA_USAGE = YES_ERROR;
				CLANG_WARN_DOCUMENTATION_COMMENTS = YES;
				CLANG_WARN_EMPTY_BODY = YES;
				CLANG_WARN_ENUM_CONVERSION = YES;
				CLANG_WARN_INFINITE_RECURSION = YES;
				CLANG_WARN_INT_CONVERSION = YES;
				CLANG_WARN_NON_LITERAL_NULL_CONVERSION = YES;
				CLANG_WARN_OBJC_IMPLICIT_RETAIN_SELF = YES;
				CLANG_WARN_OBJC_LITERAL_CONVERSION = YES;
				CLANG_WARN_OBJC_ROOT_CLASS = YES_ERROR;
				CLANG_WARN_RANGE_LOOP_ANALYSIS = YES;
				CLANG_WARN_STRICT_PROTOTYPES = YES;
				CLANG_WARN_SUSPICIOUS_MOVE = YES;
				CLANG_WARN_UNGUARDED_AVAILABILITY = YES_AGGRESSIVE;
				CLANG_WARN_UNREACHABLE_CODE = YES;
				CLANG_WARN__DUPLICATE_METHOD_MATCH = YES;
				CODE_SIGN_IDENTITY = "iPhone Developer";
				COPY_PHASE_STRIP = NO;
				DEBUG_INFORMATION_FORMAT = "dwarf-with-dsym";
				ENABLE_NS_ASSERTIONS = NO;
				ENABLE_STRICT_OBJC_MSGSEND = YES;
				GCC_C_LANGUAGE_STANDARD = gnu11;
				GCC_NO_COMMON_BLOCKS = YES;
				GCC_WARN_64_TO_32_BIT_CONVERSION = YES;
				GCC_WARN_ABOUT_RETURN_TYPE = YES_ERROR;
				GCC_WARN_UNDECLARED_SELECTOR = YES;
				GCC_WARN_UNINITIALIZED_AUTOS = YES_AGGRESSIVE;
				GCC_WARN_UNUSED_FUNCTION = YES;
				GCC_WARN_UNUSED_VARIABLE = YES;
				IPHONEOS_DEPLOYMENT_TARGET = 12.1;
				MTL_ENABLE_DEBUG_INFO = NO;
				MTL_FAST_MATH = YES;
				SDKROOT = iphoneos;
				VALIDATE_PRODUCT = YES;
			};
			name = Release;
		};
		10DB9F7722AC982100E506B4 /* Debug */ = {
			isa = XCBuildConfiguration;
			baseConfigurationReference = 873B39657A9AC85D743668F8 /* Pods-维度电影.debug.xcconfig */;
			buildSettings = {
				ASSETCATALOG_COMPILER_APPICON_NAME = AppIcon;
				CODE_SIGN_STYLE = Automatic;
				INFOPLIST_FILE = "维度电影/Info.plist";
				LD_RUNPATH_SEARCH_PATHS = (
					"$(inherited)",
					"@executable_path/Frameworks",
				);
				PRODUCT_BUNDLE_IDENTIFIER = "com.baidu.----";
				PRODUCT_NAME = "$(TARGET_NAME)";
				TARGETED_DEVICE_FAMILY = "1,2";
			};
			name = Debug;
		};
		10DB9F7822AC982100E506B4 /* Release */ = {
			isa = XCBuildConfiguration;
			baseConfigurationReference = 4EFE8EBBE948F6C209E7A77C /* Pods-维度电影.release.xcconfig */;
			buildSettings = {
				ASSETCATALOG_COMPILER_APPICON_NAME = AppIcon;
				CODE_SIGN_STYLE = Automatic;
				INFOPLIST_FILE = "维度电影/Info.plist";
				LD_RUNPATH_SEARCH_PATHS = (
					"$(inherited)",
					"@executable_path/Frameworks",
				);
				PRODUCT_BUNDLE_IDENTIFIER = "com.baidu.----";
				PRODUCT_NAME = "$(TARGET_NAME)";
				TARGETED_DEVICE_FAMILY = "1,2";
			};
			name = Release;
		};
/* End XCBuildConfiguration section */

/* Begin XCConfigurationList section */
		10DB9F5B22AC981F00E506B4 /* Build configuration list for PBXProject "维度电影" */ = {
			isa = XCConfigurationList;
			buildConfigurations = (
				10DB9F7422AC982100E506B4 /* Debug */,
				10DB9F7522AC982100E506B4 /* Release */,
			);
			defaultConfigurationIsVisible = 0;
			defaultConfigurationName = Release;
		};
		10DB9F7622AC982100E506B4 /* Build configuration list for PBXNativeTarget "维度电影" */ = {
			isa = XCConfigurationList;
			buildConfigurations = (
				10DB9F7722AC982100E506B4 /* Debug */,
				10DB9F7822AC982100E506B4 /* Release */,
			);
			defaultConfigurationIsVisible = 0;
			defaultConfigurationName = Release;
		};
/* End XCConfigurationList section */
	};
	rootObject = 10DB9F5822AC981F00E506B4 /* Project object */;
}
